
Microsoft Visual Studio Solution File, Format Version 12.00
# Visual Studio Version 17
VisualStudioVersion = 17.3.32922.545
MinimumVisualStudioVersion = 10.0.40219.1
Project("{FAE04EC0-301F-11D3-BF4B-00C04F79EFBC}") = "Laboration2_Kalkylator_Lizdan", "Laboration2_Kalkylator_Lizdan.csproj", "{D6CCAF51-27CB-4141-BE1D-1550C32BE50E}"
EndProject
Global
	GlobalSection(SolutionConfigurationPlatforms) = preSolution
		Debug|Any CPU = Debug|Any CPU
		Release|Any CPU = Release|Any CPU
	EndGlobalSection
	GlobalSection(ProjectConfigurationPlatforms) = postSolution
		{D6CCAF51-27CB-4141-BE1D-1550C32BE50E}.Debug|Any CPU.ActiveCfg = Debug|Any CPU
		{D6CCAF51-27CB-4141-BE1D-1550C32BE50E}.Debug|Any CPU.Build.0 = Debug|Any CPU
		{D6CCAF51-27CB-4141-BE1D-1550C32BE50E}.Release|Any CPU.ActiveCfg = Release|Any CPU
		{D6CCAF51-27CB-4141-BE1D-1550C32BE50E}.Release|Any CPU.Build.0 = Release|Any CPU
	EndGlobalSection
	GlobalSection(SolutionProperties) = preSolution
		HideSolutionNode = FALSE
	EndGlobalSection
	GlobalSection(ExtensibilityGlobals) = postSolution
		SolutionGuid = {0A050AA4-F04D-43B0-9066-F39E8AFF8579}
	EndGlobalSection
EndGlobal
